
Microsoft Visual Studio Solution File, Format Version 12.00
# Visual Studio 14
VisualStudioVersion = 14.0.24627.0
MinimumVisualStudioVersion = 10.0.40219.1
Project("{FAE04EC0-301F-11D3-BF4B-00C04F79EFBC}") = "AvoidUsingAsyncVoid", "AvoidUsingAsyncVoid\AvoidUsingAsyncVoid.csproj", "{72753DED-C6E0-4208-AC84-289433B2318D}"
EndProject
Project("{FAE04EC0-301F-11D3-BF4B-00C04F79EFBC}") = "AvoidUsingAsyncVoidTests", "AvoidUsingAsyncVoidTests\AvoidUsingAsyncVoidTests.csproj", "{8E6D1856-00E4-4344-8BCB-47E1E4031CCA}"
EndProject
Project("{FAE04EC0-301F-11D3-BF4B-00C04F79EFBC}") = "CSharpUsingFSharpLibrary", "CSharpUsingFSharpLibrary\CSharpUsingFSharpLibrary.csproj", "{CCB8953D-47FA-49A1-8612-B4ACB0667C4A}"
EndProject
Project("{F2A71F9B-5D33-465A-A702-920D77279786}") = "FSharpLibraryTutorial", "FSharpLibraryTutorial\FSharpLibraryTutorial.fsproj", "{6B9F7217-B3CA-4D68-AE36-540AB51CBBED}"
EndProject
Project("{FAE04EC0-301F-11D3-BF4B-00C04F79EFBC}") = "NLogExample", "NLogExample\NLogExample.csproj", "{80EF5EDD-A0C7-4DA3-99E3-8E740E50E52F}"
EndProject
Project("{2150E333-8FDC-42A3-9474-1A3956D46DE8}") = "AvoidUsingAsyncVoidExample", "AvoidUsingAsyncVoidExample", "{BB9F7C28-88E3-4CF9-A672-52D6D98AE785}"
EndProject
Project("{2150E333-8FDC-42A3-9474-1A3956D46DE8}") = "FSharpWithCSharpExample", "FSharpWithCSharpExample", "{4C1B1015-AEE4-4946-9097-E76A6E4D998C}"
EndProject
Project("{FAE04EC0-301F-11D3-BF4B-00C04F79EFBC}") = "InsensitiveInvariantForCzech", "InsensitiveInvariantForCzech\InsensitiveInvariantForCzech.csproj", "{BAE87383-F782-42F7-BE7C-65C1BDEEAE70}"
EndProject
Global
	GlobalSection(SolutionConfigurationPlatforms) = preSolution
		Debug|Any CPU = Debug|Any CPU
		Release|Any CPU = Release|Any CPU
	EndGlobalSection
	GlobalSection(ProjectConfigurationPlatforms) = postSolution
		{72753DED-C6E0-4208-AC84-289433B2318D}.Debug|Any CPU.ActiveCfg = Debug|Any CPU
		{72753DED-C6E0-4208-AC84-289433B2318D}.Debug|Any CPU.Build.0 = Debug|Any CPU
		{72753DED-C6E0-4208-AC84-289433B2318D}.Release|Any CPU.ActiveCfg = Release|Any CPU
		{72753DED-C6E0-4208-AC84-289433B2318D}.Release|Any CPU.Build.0 = Release|Any CPU
		{8E6D1856-00E4-4344-8BCB-47E1E4031CCA}.Debug|Any CPU.ActiveCfg = Debug|Any CPU
		{8E6D1856-00E4-4344-8BCB-47E1E4031CCA}.Debug|Any CPU.Build.0 = Debug|Any CPU
		{8E6D1856-00E4-4344-8BCB-47E1E4031CCA}.Release|Any CPU.ActiveCfg = Release|Any CPU
		{8E6D1856-00E4-4344-8BCB-47E1E4031CCA}.Release|Any CPU.Build.0 = Release|Any CPU
		{CCB8953D-47FA-49A1-8612-B4ACB0667C4A}.Debug|Any CPU.ActiveCfg = Debug|Any CPU
		{CCB8953D-47FA-49A1-8612-B4ACB0667C4A}.Debug|Any CPU.Build.0 = Debug|Any CPU
		{CCB8953D-47FA-49A1-8612-B4ACB0667C4A}.Release|Any CPU.ActiveCfg = Release|Any CPU
		{CCB8953D-47FA-49A1-8612-B4ACB0667C4A}.Release|Any CPU.Build.0 = Release|Any CPU
		{6B9F7217-B3CA-4D68-AE36-540AB51CBBED}.Debug|Any CPU.ActiveCfg = Debug|Any CPU
		{6B9F7217-B3CA-4D68-AE36-540AB51CBBED}.Debug|Any CPU.Build.0 = Debug|Any CPU
		{6B9F7217-B3CA-4D68-AE36-540AB51CBBED}.Release|Any CPU.ActiveCfg = Release|Any CPU
		{6B9F7217-B3CA-4D68-AE36-540AB51CBBED}.Release|Any CPU.Build.0 = Release|Any CPU
		{80EF5EDD-A0C7-4DA3-99E3-8E740E50E52F}.Debug|Any CPU.ActiveCfg = Debug|Any CPU
		{80EF5EDD-A0C7-4DA3-99E3-8E740E50E52F}.Debug|Any CPU.Build.0 = Debug|Any CPU
		{80EF5EDD-A0C7-4DA3-99E3-8E740E50E52F}.Release|Any CPU.ActiveCfg = Release|Any CPU
		{80EF5EDD-A0C7-4DA3-99E3-8E740E50E52F}.Release|Any CPU.Build.0 = Release|Any CPU
		{BAE87383-F782-42F7-BE7C-65C1BDEEAE70}.Debug|Any CPU.ActiveCfg = Debug|Any CPU
		{BAE87383-F782-42F7-BE7C-65C1BDEEAE70}.Debug|Any CPU.Build.0 = Debug|Any CPU
		{BAE87383-F782-42F7-BE7C-65C1BDEEAE70}.Release|Any CPU.ActiveCfg = Release|Any CPU
		{BAE87383-F782-42F7-BE7C-65C1BDEEAE70}.Release|Any CPU.Build.0 = Release|Any CPU
	EndGlobalSection
	GlobalSection(SolutionProperties) = preSolution
		HideSolutionNode = FALSE
	EndGlobalSection
	GlobalSection(NestedProjects) = preSolution
		{72753DED-C6E0-4208-AC84-289433B2318D} = {BB9F7C28-88E3-4CF9-A672-52D6D98AE785}
		{8E6D1856-00E4-4344-8BCB-47E1E4031CCA} = {BB9F7C28-88E3-4CF9-A672-52D6D98AE785}
		{CCB8953D-47FA-49A1-8612-B4ACB0667C4A} = {4C1B1015-AEE4-4946-9097-E76A6E4D998C}
		{6B9F7217-B3CA-4D68-AE36-540AB51CBBED} = {4C1B1015-AEE4-4946-9097-E76A6E4D998C}
	EndGlobalSection
EndGlobal
